// !$*UTF8*$!
{
	archiveVersion = 1;
	classes = {
	};
	objectVersion = 46;
	objects = {

/* Begin PBXBuildFile section */
		008932621DF8833B0047848B /* ContactListTableViewController.swift in Sources */ = {isa = PBXBuildFile; fileRef = 008932611DF8833B0047848B /* ContactListTableViewController.swift */; };
		00DA1A2F1DF1E49F00969357 /* AppDelegate.swift in Sources */ = {isa = PBXBuildFile; fileRef = 00DA1A2E1DF1E49F00969357 /* AppDelegate.swift */; };
		00DA1A341DF1E49F00969357 /* Main.storyboard in Resources */ = {isa = PBXBuildFile; fileRef = 00DA1A321DF1E49F00969357 /* Main.storyboard */; };
		00DA1A361DF1E49F00969357 /* Assets.xcassets in Resources */ = {isa = PBXBuildFile; fileRef = 00DA1A351DF1E49F00969357 /* Assets.xcassets */; };
		00DA1A391DF1E49F00969357 /* LaunchScreen.storyboard in Resources */ = {isa = PBXBuildFile; fileRef = 00DA1A371DF1E49F00969357 /* LaunchScreen.storyboard */; };
		00DA1A441DF1E49F00969357 /* piggyTests.swift in Sources */ = {isa = PBXBuildFile; fileRef = 00DA1A431DF1E49F00969357 /* piggyTests.swift */; };
		00DA1A4F1DF1E49F00969357 /* piggyUITests.swift in Sources */ = {isa = PBXBuildFile; fileRef = 00DA1A4E1DF1E49F00969357 /* piggyUITests.swift */; };
		00DA1A611DF1EB9600969357 /* piggy-model.xcdatamodeld in Sources */ = {isa = PBXBuildFile; fileRef = 00DA1A5F1DF1EB9600969357 /* piggy-model.xcdatamodeld */; };
		00E06E0D1DF5CD7100D41382 /* GoogleService-Info.plist in Resources */ = {isa = PBXBuildFile; fileRef = 00E06E0C1DF5CD7100D41382 /* GoogleService-Info.plist */; };
		00E06E131DF5D54900D41382 /* ContactListInteractor.swift in Sources */ = {isa = PBXBuildFile; fileRef = 00E06E121DF5D54900D41382 /* ContactListInteractor.swift */; };
		00E06E151DF5D6CB00D41382 /* ContactEntity.swift in Sources */ = {isa = PBXBuildFile; fileRef = 00E06E141DF5D6CB00D41382 /* ContactEntity.swift */; };
		00E06E171DF5D7D900D41382 /* ContactListPresenter.swift in Sources */ = {isa = PBXBuildFile; fileRef = 00E06E161DF5D7D900D41382 /* ContactListPresenter.swift */; };
		00E06E191DF5DBC500D41382 /* ContactListModuleInterface.swift in Sources */ = {isa = PBXBuildFile; fileRef = 00E06E181DF5DBC500D41382 /* ContactListModuleInterface.swift */; };
		00E06E1B1DF5DFAD00D41382 /* AppRoute.swift in Sources */ = {isa = PBXBuildFile; fileRef = 00E06E1A1DF5DFAD00D41382 /* AppRoute.swift */; };
		18C556E3AC8EBB7E176BB380 /* Pods_piggy.framework in Frameworks */ = {isa = PBXBuildFile; fileRef = 2D1EDC89EE19CA0A057616F9 /* Pods_piggy.framework */; };
		EB65D75ED36F75E4B4678D20 /* Pods_piggyTests.framework in Frameworks */ = {isa = PBXBuildFile; fileRef = 152F0000A245E9625D5BBCFC /* Pods_piggyTests.framework */; };
		F90637D4BA09DB4871755065 /* Pods_piggyUITests.framework in Frameworks */ = {isa = PBXBuildFile; fileRef = FD18210E771DBB4267B5FFAE /* Pods_piggyUITests.framework */; };
/* End PBXBuildFile section */

/* Begin PBXContainerItemProxy section */
		00DA1A401DF1E49F00969357 /* PBXContainerItemProxy */ = {
			isa = PBXContainerItemProxy;
			containerPortal = 00DA1A231DF1E49F00969357 /* Project object */;
			proxyType = 1;
			remoteGlobalIDString = 00DA1A2A1DF1E49F00969357;
			remoteInfo = piggy;
		};
		00DA1A4B1DF1E49F00969357 /* PBXContainerItemProxy */ = {
			isa = PBXContainerItemProxy;
			containerPortal = 00DA1A231DF1E49F00969357 /* Project object */;
			proxyType = 1;
			remoteGlobalIDString = 00DA1A2A1DF1E49F00969357;
			remoteInfo = piggy;
		};
/* End PBXContainerItemProxy section */

/* Begin PBXFileReference section */
		008932611DF8833B0047848B /* ContactListTableViewController.swift */ = {isa = PBXFileReference; fileEncoding = 4; lastKnownFileType = sourcecode.swift; path = ContactListTableViewController.swift; sourceTree = "<group>"; };
		00DA1A2B1DF1E49F00969357 /* piggy.app */ = {isa = PBXFileReference; explicitFileType = wrapper.application; includeInIndex = 0; path = piggy.app; sourceTree = BUILT_PRODUCTS_DIR; };
		00DA1A2E1DF1E49F00969357 /* AppDelegate.swift */ = {isa = PBXFileReference; lastKnownFileType = sourcecode.swift; path = AppDelegate.swift; sourceTree = "<group>"; };
		00DA1A331DF1E49F00969357 /* Base */ = {isa = PBXFileReference; lastKnownFileType = file.storyboard; name = Base; path = Base.lproj/Main.storyboard; sourceTree = "<group>"; };
		00DA1A351DF1E49F00969357 /* Assets.xcassets */ = {isa = PBXFileReference; lastKnownFileType = folder.assetcatalog; path = Assets.xcassets; sourceTree = "<group>"; };
		00DA1A381DF1E49F00969357 /* Base */ = {isa = PBXFileReference; lastKnownFileType = file.storyboard; name = Base; path = Base.lproj/LaunchScreen.storyboard; sourceTree = "<group>"; };
		00DA1A3A1DF1E49F00969357 /* Info.plist */ = {isa = PBXFileReference; lastKnownFileType = text.plist.xml; path = Info.plist; sourceTree = "<group>"; };
		00DA1A3F1DF1E49F00969357 /* piggyTests.xctest */ = {isa = PBXFileReference; explicitFileType = wrapper.cfbundle; includeInIndex = 0; path = piggyTests.xctest; sourceTree = BUILT_PRODUCTS_DIR; };
		00DA1A431DF1E49F00969357 /* piggyTests.swift */ = {isa = PBXFileReference; lastKnownFileType = sourcecode.swift; path = piggyTests.swift; sourceTree = "<group>"; };
		00DA1A451DF1E49F00969357 /* Info.plist */ = {isa = PBXFileReference; lastKnownFileType = text.plist.xml; path = Info.plist; sourceTree = "<group>"; };
		00DA1A4A1DF1E49F00969357 /* piggyUITests.xctest */ = {isa = PBXFileReference; explicitFileType = wrapper.cfbundle; includeInIndex = 0; path = piggyUITests.xctest; sourceTree = BUILT_PRODUCTS_DIR; };
		00DA1A4E1DF1E49F00969357 /* piggyUITests.swift */ = {isa = PBXFileReference; lastKnownFileType = sourcecode.swift; path = piggyUITests.swift; sourceTree = "<group>"; };
		00DA1A501DF1E49F00969357 /* Info.plist */ = {isa = PBXFileReference; lastKnownFileType = text.plist.xml; path = Info.plist; sourceTree = "<group>"; };
		00DA1A601DF1EB9600969357 /* piggy-model.xcdatamodel */ = {isa = PBXFileReference; lastKnownFileType = wrapper.xcdatamodel; path = "piggy-model.xcdatamodel"; sourceTree = "<group>"; };
		00E06E0C1DF5CD7100D41382 /* GoogleService-Info.plist */ = {isa = PBXFileReference; fileEncoding = 4; lastKnownFileType = text.plist.xml; path = "GoogleService-Info.plist"; sourceTree = "<group>"; };
		00E06E121DF5D54900D41382 /* ContactListInteractor.swift */ = {isa = PBXFileReference; fileEncoding = 4; lastKnownFileType = sourcecode.swift; path = ContactListInteractor.swift; sourceTree = "<group>"; };
		00E06E141DF5D6CB00D41382 /* ContactEntity.swift */ = {isa = PBXFileReference; fileEncoding = 4; lastKnownFileType = sourcecode.swift; name = ContactEntity.swift; path = Model/ContactEntity.swift; sourceTree = "<group>"; };
		00E06E161DF5D7D900D41382 /* ContactListPresenter.swift */ = {isa = PBXFileReference; fileEncoding = 4; lastKnownFileType = sourcecode.swift; path = ContactListPresenter.swift; sourceTree = "<group>"; };
		00E06E181DF5DBC500D41382 /* ContactListModuleInterface.swift */ = {isa = PBXFileReference; fileEncoding = 4; lastKnownFileType = sourcecode.swift; path = ContactListModuleInterface.swift; sourceTree = "<group>"; };
		00E06E1A1DF5DFAD00D41382 /* AppRoute.swift */ = {isa = PBXFileReference; fileEncoding = 4; lastKnownFileType = sourcecode.swift; path = AppRoute.swift; sourceTree = "<group>"; };
		09B8A2AE22C499A6B9A3E9C3 /* Pods-piggyUITests.release.xcconfig */ = {isa = PBXFileReference; includeInIndex = 1; lastKnownFileType = text.xcconfig; name = "Pods-piggyUITests.release.xcconfig"; path = "Pods/Target Support Files/Pods-piggyUITests/Pods-piggyUITests.release.xcconfig"; sourceTree = "<group>"; };
		152F0000A245E9625D5BBCFC /* Pods_piggyTests.framework */ = {isa = PBXFileReference; explicitFileType = wrapper.framework; includeInIndex = 0; path = Pods_piggyTests.framework; sourceTree = BUILT_PRODUCTS_DIR; };
		22690EBFD159D14600AFA6AE /* Pods-piggy.debug.xcconfig */ = {isa = PBXFileReference; includeInIndex = 1; lastKnownFileType = text.xcconfig; name = "Pods-piggy.debug.xcconfig"; path = "Pods/Target Support Files/Pods-piggy/Pods-piggy.debug.xcconfig"; sourceTree = "<group>"; };
		2D1EDC89EE19CA0A057616F9 /* Pods_piggy.framework */ = {isa = PBXFileReference; explicitFileType = wrapper.framework; includeInIndex = 0; path = Pods_piggy.framework; sourceTree = BUILT_PRODUCTS_DIR; };
		53B9CCE12D54DAB171EF080A /* Pods-piggy.release.xcconfig */ = {isa = PBXFileReference; includeInIndex = 1; lastKnownFileType = text.xcconfig; name = "Pods-piggy.release.xcconfig"; path = "Pods/Target Support Files/Pods-piggy/Pods-piggy.release.xcconfig"; sourceTree = "<group>"; };
		68103BB50D2C2A667470CEA8 /* Pods-piggyTests.release.xcconfig */ = {isa = PBXFileReference; includeInIndex = 1; lastKnownFileType = text.xcconfig; name = "Pods-piggyTests.release.xcconfig"; path = "Pods/Target Support Files/Pods-piggyTests/Pods-piggyTests.release.xcconfig"; sourceTree = "<group>"; };
		DC43C85FDDEE11ACC3A77C54 /* Pods-piggyUITests.debug.xcconfig */ = {isa = PBXFileReference; includeInIndex = 1; lastKnownFileType = text.xcconfig; name = "Pods-piggyUITests.debug.xcconfig"; path = "Pods/Target Support Files/Pods-piggyUITests/Pods-piggyUITests.debug.xcconfig"; sourceTree = "<group>"; };
		DE221022BAAB30D14AC17285 /* Pods-piggyTests.debug.xcconfig */ = {isa = PBXFileReference; includeInIndex = 1; lastKnownFileType = text.xcconfig; name = "Pods-piggyTests.debug.xcconfig"; path = "Pods/Target Support Files/Pods-piggyTests/Pods-piggyTests.debug.xcconfig"; sourceTree = "<group>"; };
		FD18210E771DBB4267B5FFAE /* Pods_piggyUITests.framework */ = {isa = PBXFileReference; explicitFileType = wrapper.framework; includeInIndex = 0; path = Pods_piggyUITests.framework; sourceTree = BUILT_PRODUCTS_DIR; };
/* End PBXFileReference section */

/* Begin PBXFrameworksBuildPhase section */
		00DA1A281DF1E49F00969357 /* Frameworks */ = {
			isa = PBXFrameworksBuildPhase;
			buildActionMask = 2147483647;
			files = (
				18C556E3AC8EBB7E176BB380 /* Pods_piggy.framework in Frameworks */,
			);
			runOnlyForDeploymentPostprocessing = 0;
		};
		00DA1A3C1DF1E49F00969357 /* Frameworks */ = {
			isa = PBXFrameworksBuildPhase;
			buildActionMask = 2147483647;
			files = (
				EB65D75ED36F75E4B4678D20 /* Pods_piggyTests.framework in Frameworks */,
			);
			runOnlyForDeploymentPostprocessing = 0;
		};
		00DA1A471DF1E49F00969357 /* Frameworks */ = {
			isa = PBXFrameworksBuildPhase;
			buildActionMask = 2147483647;
			files = (
				F90637D4BA09DB4871755065 /* Pods_piggyUITests.framework in Frameworks */,
			);
			runOnlyForDeploymentPostprocessing = 0;
		};
/* End PBXFrameworksBuildPhase section */

/* Begin PBXGroup section */
		00DA1A221DF1E49F00969357 = {
			isa = PBXGroup;
			children = (
				00DA1A2D1DF1E49F00969357 /* piggy */,
				00DA1A421DF1E49F00969357 /* piggyTests */,
				00DA1A4D1DF1E49F00969357 /* piggyUITests */,
				00DA1A2C1DF1E49F00969357 /* Products */,
				DFAE0B9034221858A5797BAF /* Pods */,
				D563CCC5D45995F268C78D28 /* Frameworks */,
			);
			sourceTree = "<group>";
		};
		00DA1A2C1DF1E49F00969357 /* Products */ = {
			isa = PBXGroup;
			children = (
				00DA1A2B1DF1E49F00969357 /* piggy.app */,
				00DA1A3F1DF1E49F00969357 /* piggyTests.xctest */,
				00DA1A4A1DF1E49F00969357 /* piggyUITests.xctest */,
			);
			name = Products;
			sourceTree = "<group>";
		};
		00DA1A2D1DF1E49F00969357 /* piggy */ = {
			isa = PBXGroup;
			children = (
				00E06E0F1DF5D4DB00D41382 /* Classes */,
				00DA1A5E1DF1EB7100969357 /* Model layer */,
				00DA1A2E1DF1E49F00969357 /* AppDelegate.swift */,
				00E06E1A1DF5DFAD00D41382 /* AppRoute.swift */,
				00DA1A321DF1E49F00969357 /* Main.storyboard */,
				00DA1A351DF1E49F00969357 /* Assets.xcassets */,
				00DA1A371DF1E49F00969357 /* LaunchScreen.storyboard */,
				00DA1A3A1DF1E49F00969357 /* Info.plist */,
				00E06E0C1DF5CD7100D41382 /* GoogleService-Info.plist */,
			);
			path = piggy;
			sourceTree = "<group>";
		};
		00DA1A421DF1E49F00969357 /* piggyTests */ = {
			isa = PBXGroup;
			children = (
				00DA1A431DF1E49F00969357 /* piggyTests.swift */,
				00DA1A451DF1E49F00969357 /* Info.plist */,
			);
			path = piggyTests;
			sourceTree = "<group>";
		};
		00DA1A4D1DF1E49F00969357 /* piggyUITests */ = {
			isa = PBXGroup;
			children = (
				00DA1A4E1DF1E49F00969357 /* piggyUITests.swift */,
				00DA1A501DF1E49F00969357 /* Info.plist */,
			);
			path = piggyUITests;
			sourceTree = "<group>";
		};
		00DA1A5E1DF1EB7100969357 /* Model layer */ = {
			isa = PBXGroup;
			children = (
				00DA1A5F1DF1EB9600969357 /* piggy-model.xcdatamodeld */,
				00E06E141DF5D6CB00D41382 /* ContactEntity.swift */,
			);
			name = "Model layer";
			sourceTree = "<group>";
		};
		00E06E0F1DF5D4DB00D41382 /* Classes */ = {
			isa = PBXGroup;
			children = (
				00E06E101DF5D4E600D41382 /* Modules */,
			);
			name = Classes;
			sourceTree = "<group>";
		};
		00E06E101DF5D4E600D41382 /* Modules */ = {
			isa = PBXGroup;
			children = (
				00E06E111DF5D4EF00D41382 /* One-to-One List */,
			);
			name = Modules;
			sourceTree = "<group>";
		};
		00E06E111DF5D4EF00D41382 /* One-to-One List */ = {
			isa = PBXGroup;
			children = (
				00E06E121DF5D54900D41382 /* ContactListInteractor.swift */,
				008932611DF8833B0047848B /* ContactListTableViewController.swift */,
				00E06E161DF5D7D900D41382 /* ContactListPresenter.swift */,
				00E06E181DF5DBC500D41382 /* ContactListModuleInterface.swift */,
			);
			name = "One-to-One List";
			sourceTree = "<group>";
		};
		D563CCC5D45995F268C78D28 /* Frameworks */ = {
			isa = PBXGroup;
			children = (
				2D1EDC89EE19CA0A057616F9 /* Pods_piggy.framework */,
				152F0000A245E9625D5BBCFC /* Pods_piggyTests.framework */,
				FD18210E771DBB4267B5FFAE /* Pods_piggyUITests.framework */,
			);
			name = Frameworks;
			sourceTree = "<group>";
		};
		DFAE0B9034221858A5797BAF /* Pods */ = {
			isa = PBXGroup;
			children = (
				22690EBFD159D14600AFA6AE /* Pods-piggy.debug.xcconfig */,
				53B9CCE12D54DAB171EF080A /* Pods-piggy.release.xcconfig */,
				DE221022BAAB30D14AC17285 /* Pods-piggyTests.debug.xcconfig */,
				68103BB50D2C2A667470CEA8 /* Pods-piggyTests.release.xcconfig */,
				DC43C85FDDEE11ACC3A77C54 /* Pods-piggyUITests.debug.xcconfig */,
				09B8A2AE22C499A6B9A3E9C3 /* Pods-piggyUITests.release.xcconfig */,
			);
			name = Pods;
			sourceTree = "<group>";
		};
/* End PBXGroup section */

/* Begin PBXNativeTarget section */
		00DA1A2A1DF1E49F00969357 /* piggy */ = {
			isa = PBXNativeTarget;
			buildConfigurationList = 00DA1A531DF1E49F00969357 /* Build configuration list for PBXNativeTarget "piggy" */;
			buildPhases = (
				B939B83FADAA9AEA962D8072 /* [CP] Check Pods Manifest.lock */,
				00DA1A271DF1E49F00969357 /* Sources */,
				00DA1A281DF1E49F00969357 /* Frameworks */,
				00DA1A291DF1E49F00969357 /* Resources */,
				B5963156F707700840F61644 /* [CP] Embed Pods Frameworks */,
				E80458DD84635A825A43927C /* [CP] Copy Pods Resources */,
			);
			buildRules = (
			);
			dependencies = (
			);
			name = piggy;
			productName = piggy;
			productReference = 00DA1A2B1DF1E49F00969357 /* piggy.app */;
			productType = "com.apple.product-type.application";
		};
		00DA1A3E1DF1E49F00969357 /* piggyTests */ = {
			isa = PBXNativeTarget;
			buildConfigurationList = 00DA1A561DF1E49F00969357 /* Build configuration list for PBXNativeTarget "piggyTests" */;
			buildPhases = (
				2CAE811FB8E25AE4E5CF04A9 /* [CP] Check Pods Manifest.lock */,
				00DA1A3B1DF1E49F00969357 /* Sources */,
				00DA1A3C1DF1E49F00969357 /* Frameworks */,
				00DA1A3D1DF1E49F00969357 /* Resources */,
				D8D38D8B1462E490A348E589 /* [CP] Embed Pods Frameworks */,
				CFEF5353E97B8011AEAF3ABE /* [CP] Copy Pods Resources */,
			);
			buildRules = (
			);
			dependencies = (
				00DA1A411DF1E49F00969357 /* PBXTargetDependency */,
			);
			name = piggyTests;
			productName = piggyTests;
			productReference = 00DA1A3F1DF1E49F00969357 /* piggyTests.xctest */;
			productType = "com.apple.product-type.bundle.unit-test";
		};
		00DA1A491DF1E49F00969357 /* piggyUITests */ = {
			isa = PBXNativeTarget;
			buildConfigurationList = 00DA1A591DF1E49F00969357 /* Build configuration list for PBXNativeTarget "piggyUITests" */;
			buildPhases = (
				5E3EF3E1F789F6F42C95CF07 /* [CP] Check Pods Manifest.lock */,
				00DA1A461DF1E49F00969357 /* Sources */,
				00DA1A471DF1E49F00969357 /* Frameworks */,
				00DA1A481DF1E49F00969357 /* Resources */,
				9DBAE9500B91BAFFF2264691 /* [CP] Embed Pods Frameworks */,
				7D57C7A0E4C1145CDB1D72F6 /* [CP] Copy Pods Resources */,
			);
			buildRules = (
			);
			dependencies = (
				00DA1A4C1DF1E49F00969357 /* PBXTargetDependency */,
			);
			name = piggyUITests;
			productName = piggyUITests;
			productReference = 00DA1A4A1DF1E49F00969357 /* piggyUITests.xctest */;
			productType = "com.apple.product-type.bundle.ui-testing";
		};
/* End PBXNativeTarget section */

/* Begin PBXProject section */
		00DA1A231DF1E49F00969357 /* Project object */ = {
			isa = PBXProject;
			attributes = {
				LastSwiftUpdateCheck = 0810;
				LastUpgradeCheck = 0810;
				ORGANIZATIONNAME = Bootstragram;
				TargetAttributes = {
					00DA1A2A1DF1E49F00969357 = {
						CreatedOnToolsVersion = 8.1;
						ProvisioningStyle = Automatic;
					};
					00DA1A3E1DF1E49F00969357 = {
						CreatedOnToolsVersion = 8.1;
						ProvisioningStyle = Automatic;
						TestTargetID = 00DA1A2A1DF1E49F00969357;
					};
					00DA1A491DF1E49F00969357 = {
						CreatedOnToolsVersion = 8.1;
						ProvisioningStyle = Automatic;
						TestTargetID = 00DA1A2A1DF1E49F00969357;
					};
				};
			};
			buildConfigurationList = 00DA1A261DF1E49F00969357 /* Build configuration list for PBXProject "piggy" */;
			compatibilityVersion = "Xcode 3.2";
			developmentRegion = English;
			hasScannedForEncodings = 0;
			knownRegions = (
				en,
				Base,
			);
			mainGroup = 00DA1A221DF1E49F00969357;
			productRefGroup = 00DA1A2C1DF1E49F00969357 /* Products */;
			projectDirPath = "";
			projectRoot = "";
			targets = (
				00DA1A2A1DF1E49F00969357 /* piggy */,
				00DA1A3E1DF1E49F00969357 /* piggyTests */,
				00DA1A491DF1E49F00969357 /* piggyUITests */,
			);
		};
/* End PBXProject section */

/* Begin PBXResourcesBuildPhase section */
		00DA1A291DF1E49F00969357 /* Resources */ = {
			isa = PBXResourcesBuildPhase;
			buildActionMask = 2147483647;
			files = (
				00DA1A391DF1E49F00969357 /* LaunchScreen.storyboard in Resources */,
				00E06E0D1DF5CD7100D41382 /* GoogleService-Info.plist in Resources */,
				00DA1A361DF1E49F00969357 /* Assets.xcassets in Resources */,
				00DA1A341DF1E49F00969357 /* Main.storyboard in Resources */,
			);
			runOnlyForDeploymentPostprocessing = 0;
		};
		00DA1A3D1DF1E49F00969357 /* Resources */ = {
			isa = PBXResourcesBuildPhase;
			buildActionMask = 2147483647;
			files = (
			);
			runOnlyForDeploymentPostprocessing = 0;
		};
		00DA1A481DF1E49F00969357 /* Resources */ = {
			isa = PBXResourcesBuildPhase;
			buildActionMask = 2147483647;
			files = (
			);
			runOnlyForDeploymentPostprocessing = 0;
		};
/* End PBXResourcesBuildPhase section */

/* Begin PBXShellScriptBuildPhase section */
		2CAE811FB8E25AE4E5CF04A9 /* [CP] Check Pods Manifest.lock */ = {
			isa = PBXShellScriptBuildPhase;
			buildActionMask = 2147483647;
			files = (
			);
			inputPaths = (
			);
			name = "[CP] Check Pods Manifest.lock";
			outputPaths = (
			);
			runOnlyForDeploymentPostprocessing = 0;
			shellPath = /bin/sh;
			shellScript = "diff \"${PODS_ROOT}/../Podfile.lock\" \"${PODS_ROOT}/Manifest.lock\" > /dev/null\nif [ $? != 0 ] ; then\n    # print error to STDERR\n    echo \"error: The sandbox is not in sync with the Podfile.lock. Run 'pod install' or update your CocoaPods installation.\" >&2\n    exit 1\nfi\n";
			showEnvVarsInLog = 0;
		};
		5E3EF3E1F789F6F42C95CF07 /* [CP] Check Pods Manifest.lock */ = {
			isa = PBXShellScriptBuildPhase;
			buildActionMask = 2147483647;
			files = (
			);
			inputPaths = (
			);
			name = "[CP] Check Pods Manifest.lock";
			outputPaths = (
			);
			runOnlyForDeploymentPostprocessing = 0;
			shellPath = /bin/sh;
			shellScript = "diff \"${PODS_ROOT}/../Podfile.lock\" \"${PODS_ROOT}/Manifest.lock\" > /dev/null\nif [ $? != 0 ] ; then\n    # print error to STDERR\n    echo \"error: The sandbox is not in sync with the Podfile.lock. Run 'pod install' or update your CocoaPods installation.\" >&2\n    exit 1\nfi\n";
			showEnvVarsInLog = 0;
		};
		7D57C7A0E4C1145CDB1D72F6 /* [CP] Copy Pods Resources */ = {
			isa = PBXShellScriptBuildPhase;
			buildActionMask = 2147483647;
			files = (
			);
			inputPaths = (
			);
			name = "[CP] Copy Pods Resources";
			outputPaths = (
			);
			runOnlyForDeploymentPostprocessing = 0;
			shellPath = /bin/sh;
			shellScript = "\"${SRCROOT}/Pods/Target Support Files/Pods-piggyUITests/Pods-piggyUITests-resources.sh\"\n";
			showEnvVarsInLog = 0;
		};
		9DBAE9500B91BAFFF2264691 /* [CP] Embed Pods Frameworks */ = {
			isa = PBXShellScriptBuildPhase;
			buildActionMask = 2147483647;
			files = (
			);
			inputPaths = (
			);
			name = "[CP] Embed Pods Frameworks";
			outputPaths = (
			);
			runOnlyForDeploymentPostprocessing = 0;
			shellPath = /bin/sh;
			shellScript = "\"${SRCROOT}/Pods/Target Support Files/Pods-piggyUITests/Pods-piggyUITests-frameworks.sh\"\n";
			showEnvVarsInLog = 0;
		};
		B5963156F707700840F61644 /* [CP] Embed Pods Frameworks */ = {
			isa = PBXShellScriptBuildPhase;
			buildActionMask = 2147483647;
			files = (
			);
			inputPaths = (
			);
			name = "[CP] Embed Pods Frameworks";
			outputPaths = (
			);
			runOnlyForDeploymentPostprocessing = 0;
			shellPath = /bin/sh;
			shellScript = "\"${SRCROOT}/Pods/Target Support Files/Pods-piggy/Pods-piggy-frameworks.sh\"\n";
			showEnvVarsInLog = 0;
		};
		B939B83FADAA9AEA962D8072 /* [CP] Check Pods Manifest.lock */ = {
			isa = PBXShellScriptBuildPhase;
			buildActionMask = 2147483647;
			files = (
			);
			inputPaths = (
			);
			name = "[CP] Check Pods Manifest.lock";
			outputPaths = (
			);
			runOnlyForDeploymentPostprocessing = 0;
			shellPath = /bin/sh;
			shellScript = "diff \"${PODS_ROOT}/../Podfile.lock\" \"${PODS_ROOT}/Manifest.lock\" > /dev/null\nif [ $? != 0 ] ; then\n    # print error to STDERR\n    echo \"error: The sandbox is not in sync with the Podfile.lock. Run 'pod install' or update your CocoaPods installation.\" >&2\n    exit 1\nfi\n";
			showEnvVarsInLog = 0;
		};
		CFEF5353E97B8011AEAF3ABE /* [CP] Copy Pods Resources */ = {
			isa = PBXShellScriptBuildPhase;
			buildActionMask = 2147483647;
			files = (
			);
			inputPaths = (
			);
			name = "[CP] Copy Pods Resources";
			outputPaths = (
			);
			runOnlyForDeploymentPostprocessing = 0;
			shellPath = /bin/sh;
			shellScript = "\"${SRCROOT}/Pods/Target Support Files/Pods-piggyTests/Pods-piggyTests-resources.sh\"\n";
			showEnvVarsInLog = 0;
		};
		D8D38D8B1462E490A348E589 /* [CP] Embed Pods Frameworks */ = {
			isa = PBXShellScriptBuildPhase;
			buildActionMask = 2147483647;
			files = (
			);
			inputPaths = (
			);
			name = "[CP] Embed Pods Frameworks";
			outputPaths = (
			);
			runOnlyForDeploymentPostprocessing = 0;
			shellPath = /bin/sh;
			shellScript = "\"${SRCROOT}/Pods/Target Support Files/Pods-piggyTests/Pods-piggyTests-frameworks.sh\"\n";
			showEnvVarsInLog = 0;
		};
		E80458DD84635A825A43927C /* [CP] Copy Pods Resources */ = {
			isa = PBXShellScriptBuildPhase;
			buildActionMask = 2147483647;
			files = (
			);
			inputPaths = (
			);
			name = "[CP] Copy Pods Resources";
			outputPaths = (
			);
			runOnlyForDeploymentPostprocessing = 0;
			shellPath = /bin/sh;
			shellScript = "\"${SRCROOT}/Pods/Target Support Files/Pods-piggy/Pods-piggy-resources.sh\"\n";
			showEnvVarsInLog = 0;
		};
/* End PBXShellScriptBuildPhase section */

/* Begin PBXSourcesBuildPhase section */
		00DA1A271DF1E49F00969357 /* Sources */ = {
			isa = PBXSourcesBuildPhase;
			buildActionMask = 2147483647;
			files = (
				00E06E1B1DF5DFAD00D41382 /* AppRoute.swift in Sources */,
				00DA1A611DF1EB9600969357 /* piggy-model.xcdatamodeld in Sources */,
				00E06E131DF5D54900D41382 /* ContactListInteractor.swift in Sources */,
				00E06E151DF5D6CB00D41382 /* ContactEntity.swift in Sources */,
				00DA1A2F1DF1E49F00969357 /* AppDelegate.swift in Sources */,
				00E06E191DF5DBC500D41382 /* ContactListModuleInterface.swift in Sources */,
				008932621DF8833B0047848B /* ContactListTableViewController.swift in Sources */,
				00E06E171DF5D7D900D41382 /* ContactListPresenter.swift in Sources */,
			);
			runOnlyForDeploymentPostprocessing = 0;
		};
		00DA1A3B1DF1E49F00969357 /* Sources */ = {
			isa = PBXSourcesBuildPhase;
			buildActionMask = 2147483647;
			files = (
				00DA1A441DF1E49F00969357 /* piggyTests.swift in Sources */,
			);
			runOnlyForDeploymentPostprocessing = 0;
		};
		00DA1A461DF1E49F00969357 /* Sources */ = {
			isa = PBXSourcesBuildPhase;
			buildActionMask = 2147483647;
			files = (
				00DA1A4F1DF1E49F00969357 /* piggyUITests.swift in Sources */,
			);
			runOnlyForDeploymentPostprocessing = 0;
		};
/* End PBXSourcesBuildPhase section */

/* Begin PBXTargetDependency section */
		00DA1A411DF1E49F00969357 /* PBXTargetDependency */ = {
			isa = PBXTargetDependency;
			target = 00DA1A2A1DF1E49F00969357 /* piggy */;
			targetProxy = 00DA1A401DF1E49F00969357 /* PBXContainerItemProxy */;
		};
		00DA1A4C1DF1E49F00969357 /* PBXTargetDependency */ = {
			isa = PBXTargetDependency;
			target = 00DA1A2A1DF1E49F00969357 /* piggy */;
			targetProxy = 00DA1A4B1DF1E49F00969357 /* PBXContainerItemProxy */;
		};
/* End PBXTargetDependency section */

/* Begin PBXVariantGroup section */
		00DA1A321DF1E49F00969357 /* Main.storyboard */ = {
			isa = PBXVariantGroup;
			children = (
				00DA1A331DF1E49F00969357 /* Base */,
			);
			name = Main.storyboard;
			sourceTree = "<group>";
		};
		00DA1A371DF1E49F00969357 /* LaunchScreen.storyboard */ = {
			isa = PBXVariantGroup;
			children = (
				00DA1A381DF1E49F00969357 /* Base */,
			);
			name = LaunchScreen.storyboard;
			sourceTree = "<group>";
		};
/* End PBXVariantGroup section */

/* Begin XCBuildConfiguration section */
		00DA1A511DF1E49F00969357 /* Debug */ = {
			isa = XCBuildConfiguration;
			buildSettings = {
				ALWAYS_SEARCH_USER_PATHS = NO;
				CLANG_ANALYZER_NONNULL = YES;
				CLANG_CXX_LANGUAGE_STANDARD = "gnu++0x";
				CLANG_CXX_LIBRARY = "libc++";
				CLANG_ENABLE_MODULES = YES;
				CLANG_ENABLE_OBJC_ARC = YES;
				CLANG_WARN_BOOL_CONVERSION = YES;
				CLANG_WARN_CONSTANT_CONVERSION = YES;
				CLANG_WARN_DIRECT_OBJC_ISA_USAGE = YES_ERROR;
				CLANG_WARN_DOCUMENTATION_COMMENTS = YES;
				CLANG_WARN_EMPTY_BODY = YES;
				CLANG_WARN_ENUM_CONVERSION = YES;
				CLANG_WARN_INFINITE_RECURSION = YES;
				CLANG_WARN_INT_CONVERSION = YES;
				CLANG_WARN_OBJC_ROOT_CLASS = YES_ERROR;
				CLANG_WARN_SUSPICIOUS_MOVE = YES;
				CLANG_WARN_SUSPICIOUS_MOVES = YES;
				CLANG_WARN_UNREACHABLE_CODE = YES;
				CLANG_WARN__DUPLICATE_METHOD_MATCH = YES;
				"CODE_SIGN_IDENTITY[sdk=iphoneos*]" = "iPhone Developer";
				COPY_PHASE_STRIP = NO;
				DEBUG_INFORMATION_FORMAT = dwarf;
				ENABLE_STRICT_OBJC_MSGSEND = YES;
				ENABLE_TESTABILITY = YES;
				GCC_C_LANGUAGE_STANDARD = gnu99;
				GCC_DYNAMIC_NO_PIC = NO;
				GCC_NO_COMMON_BLOCKS = YES;
				GCC_OPTIMIZATION_LEVEL = 0;
				GCC_PREPROCESSOR_DEFINITIONS = (
					"DEBUG=1",
					"$(inherited)",
				);
				GCC_WARN_64_TO_32_BIT_CONVERSION = YES;
				GCC_WARN_ABOUT_RETURN_TYPE = YES_ERROR;
				GCC_WARN_UNDECLARED_SELECTOR = YES;
				GCC_WARN_UNINITIALIZED_AUTOS = YES_AGGRESSIVE;
				GCC_WARN_UNUSED_FUNCTION = YES;
				GCC_WARN_UNUSED_VARIABLE = YES;
				IPHONEOS_DEPLOYMENT_TARGET = 10.1;
				MTL_ENABLE_DEBUG_INFO = YES;
				ONLY_ACTIVE_ARCH = YES;
				SDKROOT = iphoneos;
				SWIFT_ACTIVE_COMPILATION_CONDITIONS = DEBUG;
				SWIFT_OPTIMIZATION_LEVEL = "-Onone";
				TARGETED_DEVICE_FAMILY = "1,2";
			};
			name = Debug;
		};
		00DA1A521DF1E49F00969357 /* Release */ = {
			isa = XCBuildConfiguration;
			buildSettings = {
				ALWAYS_SEARCH_USER_PATHS = NO;
				CLANG_ANALYZER_NONNULL = YES;
				CLANG_CXX_LANGUAGE_STANDARD = "gnu++0x";
				CLANG_CXX_LIBRARY = "libc++";
				CLANG_ENABLE_MODULES = YES;
				CLANG_ENABLE_OBJC_ARC = YES;
				CLANG_WARN_BOOL_CONVERSION = YES;
				CLANG_WARN_CONSTANT_CONVERSION = YES;
				CLANG_WARN_DIRECT_OBJC_ISA_USAGE = YES_ERROR;
				CLANG_WARN_DOCUMENTATION_COMMENTS = YES;
				CLANG_WARN_EMPTY_BODY = YES;
				CLANG_WARN_ENUM_CONVERSION = YES;
				CLANG_WARN_INFINITE_RECURSION = YES;
				CLANG_WARN_INT_CONVERSION = YES;
				CLANG_WARN_OBJC_ROOT_CLASS = YES_ERROR;
				CLANG_WARN_SUSPICIOUS_MOVE = YES;
				CLANG_WARN_SUSPICIOUS_MOVES = YES;
				CLANG_WARN_UNREACHABLE_CODE = YES;
				CLANG_WARN__DUPLICATE_METHOD_MATCH = YES;
				"CODE_SIGN_IDENTITY[sdk=iphoneos*]" = "iPhone Developer";
				COPY_PHASE_STRIP = NO;
				DEBUG_INFORMATION_FORMAT = "dwarf-with-dsym";
				ENABLE_NS_ASSERTIONS = NO;
				ENABLE_STRICT_OBJC_MSGSEND = YES;
				GCC_C_LANGUAGE_STANDARD = gnu99;
				GCC_NO_COMMON_BLOCKS = YES;
				GCC_WARN_64_TO_32_BIT_CONVERSION = YES;
				GCC_WARN_ABOUT_RETURN_TYPE = YES_ERROR;
				GCC_WARN_UNDECLARED_SELECTOR = YES;
				GCC_WARN_UNINITIALIZED_AUTOS = YES_AGGRESSIVE;
				GCC_WARN_UNUSED_FUNCTION = YES;
				GCC_WARN_UNUSED_VARIABLE = YES;
				IPHONEOS_DEPLOYMENT_TARGET = 10.1;
				MTL_ENABLE_DEBUG_INFO = NO;
				SDKROOT = iphoneos;
				SWIFT_OPTIMIZATION_LEVEL = "-Owholemodule";
				TARGETED_DEVICE_FAMILY = "1,2";
				VALIDATE_PRODUCT = YES;
			};
			name = Release;
		};
		00DA1A541DF1E49F00969357 /* Debug */ = {
			isa = XCBuildConfiguration;
			baseConfigurationReference = 22690EBFD159D14600AFA6AE /* Pods-piggy.debug.xcconfig */;
			buildSettings = {
				ALWAYS_EMBED_SWIFT_STANDARD_LIBRARIES = YES;
				ASSETCATALOG_COMPILER_APPICON_NAME = AppIcon;
				INFOPLIST_FILE = piggy/Info.plist;
				LD_RUNPATH_SEARCH_PATHS = "$(inherited) @executable_path/Frameworks";
				PRODUCT_BUNDLE_IDENTIFIER = com.bootstragram.piggy;
				PRODUCT_NAME = "$(TARGET_NAME)";
				SWIFT_VERSION = 3.0;
			};
			name = Debug;
		};
		00DA1A551DF1E49F00969357 /* Release */ = {
			isa = XCBuildConfiguration;
			baseConfigurationReference = 53B9CCE12D54DAB171EF080A /* Pods-piggy.release.xcconfig */;
			buildSettings = {
				ALWAYS_EMBED_SWIFT_STANDARD_LIBRARIES = YES;
				ASSETCATALOG_COMPILER_APPICON_NAME = AppIcon;
				INFOPLIST_FILE = piggy/Info.plist;
				LD_RUNPATH_SEARCH_PATHS = "$(inherited) @executable_path/Frameworks";
				PRODUCT_BUNDLE_IDENTIFIER = com.bootstragram.piggy;
				PRODUCT_NAME = "$(TARGET_NAME)";
				SWIFT_VERSION = 3.0;
			};
			name = Release;
		};
		00DA1A571DF1E49F00969357 /* Debug */ = {
			isa = XCBuildConfiguration;
			baseConfigurationReference = DE221022BAAB30D14AC17285 /* Pods-piggyTests.debug.xcconfig */;
			buildSettings = {
				ALWAYS_EMBED_SWIFT_STANDARD_LIBRARIES = YES;
				BUNDLE_LOADER = "$(TEST_HOST)";
				INFOPLIST_FILE = piggyTests/Info.plist;
				LD_RUNPATH_SEARCH_PATHS = "$(inherited) @executable_path/Frameworks @loader_path/Frameworks";
				PRODUCT_BUNDLE_IDENTIFIER = com.bootstragram.piggyTests;
				PRODUCT_NAME = "$(TARGET_NAME)";
				SWIFT_VERSION = 3.0;
				TEST_HOST = "$(BUILT_PRODUCTS_DIR)/piggy.app/piggy";
			};
			name = Debug;
		};
		00DA1A581DF1E49F00969357 /* Release */ = {
			isa = XCBuildConfiguration;
			baseConfigurationReference = 68103BB50D2C2A667470CEA8 /* Pods-piggyTests.release.xcconfig */;
			buildSettings = {
				ALWAYS_EMBED_SWIFT_STANDARD_LIBRARIES = YES;
				BUNDLE_LOADER = "$(TEST_HOST)";
				INFOPLIST_FILE = piggyTests/Info.plist;
				LD_RUNPATH_SEARCH_PATHS = "$(inherited) @executable_path/Frameworks @loader_path/Frameworks";
				PRODUCT_BUNDLE_IDENTIFIER = com.bootstragram.piggyTests;
				PRODUCT_NAME = "$(TARGET_NAME)";
				SWIFT_VERSION = 3.0;
				TEST_HOST = "$(BUILT_PRODUCTS_DIR)/piggy.app/piggy";
			};
			name = Release;
		};
		00DA1A5A1DF1E49F00969357 /* Debug */ = {
			isa = XCBuildConfiguration;
			baseConfigurationReference = DC43C85FDDEE11ACC3A77C54 /* Pods-piggyUITests.debug.xcconfig */;
			buildSettings = {
				ALWAYS_EMBED_SWIFT_STANDARD_LIBRARIES = YES;
				INFOPLIST_FILE = piggyUITests/Info.plist;
				LD_RUNPATH_SEARCH_PATHS = "$(inherited) @executable_path/Frameworks @loader_path/Frameworks";
				PRODUCT_BUNDLE_IDENTIFIER = com.bootstragram.piggyUITests;
				PRODUCT_NAME = "$(TARGET_NAME)";
				SWIFT_VERSION = 3.0;
				TEST_TARGET_NAME = piggy;
			};
			name = Debug;
		};
		00DA1A5B1DF1E49F00969357 /* Release */ = {
			isa = XCBuildConfiguration;
			baseConfigurationReference = 09B8A2AE22C499A6B9A3E9C3 /* Pods-piggyUITests.release.xcconfig */;
			buildSettings = {
				ALWAYS_EMBED_SWIFT_STANDARD_LIBRARIES = YES;
				INFOPLIST_FILE = piggyUITests/Info.plist;
				LD_RUNPATH_SEARCH_PATHS = "$(inherited) @executable_path/Frameworks @loader_path/Frameworks";
				PRODUCT_BUNDLE_IDENTIFIER = com.bootstragram.piggyUITests;
				PRODUCT_NAME = "$(TARGET_NAME)";
				SWIFT_VERSION = 3.0;
				TEST_TARGET_NAME = piggy;
			};
			name = Release;
		};
/* End XCBuildConfiguration section */

/* Begin XCConfigurationList section */
		00DA1A261DF1E49F00969357 /* Build configuration list for PBXProject "piggy" */ = {
			isa = XCConfigurationList;
			buildConfigurations = (
				00DA1A511DF1E49F00969357 /* Debug */,
				00DA1A521DF1E49F00969357 /* Release */,
			);
			defaultConfigurationIsVisible = 0;
			defaultConfigurationName = Release;
		};
		00DA1A531DF1E49F00969357 /* Build configuration list for PBXNativeTarget "piggy" */ = {
			isa = XCConfigurationList;
			buildConfigurations = (
				00DA1A541DF1E49F00969357 /* Debug */,
				00DA1A551DF1E49F00969357 /* Release */,
			);
			defaultConfigurationIsVisible = 0;
			defaultConfigurationName = Release;
		};
		00DA1A561DF1E49F00969357 /* Build configuration list for PBXNativeTarget "piggyTests" */ = {
			isa = XCConfigurationList;
			buildConfigurations = (
				00DA1A571DF1E49F00969357 /* Debug */,
				00DA1A581DF1E49F00969357 /* Release */,
			);
			defaultConfigurationIsVisible = 0;
			defaultConfigurationName = Release;
		};
		00DA1A591DF1E49F00969357 /* Build configuration list for PBXNativeTarget "piggyUITests" */ = {
			isa = XCConfigurationList;
			buildConfigurations = (
				00DA1A5A1DF1E49F00969357 /* Debug */,
				00DA1A5B1DF1E49F00969357 /* Release */,
			);
			defaultConfigurationIsVisible = 0;
			defaultConfigurationName = Release;
		};
/* End XCConfigurationList section */

/* Begin XCVersionGroup section */
		00DA1A5F1DF1EB9600969357 /* piggy-model.xcdatamodeld */ = {
			isa = XCVersionGroup;
			children = (
				00DA1A601DF1EB9600969357 /* piggy-model.xcdatamodel */,
			);
			currentVersion = 00DA1A601DF1EB9600969357 /* piggy-model.xcdatamodel */;
			name = "piggy-model.xcdatamodeld";
			path = "Model/piggy-model.xcdatamodeld";
			sourceTree = "<group>";
			versionGroupType = wrapper.xcdatamodel;
		};
/* End XCVersionGroup section */
	};
	rootObject = 00DA1A231DF1E49F00969357 /* Project object */;
}
